Microsoft Visual Studio Solution File, Format Version 11.00
# Visual Studio 2008

Project("{80BCB60B-7FF6-D25F-A7A5-4B6DE8D6DB34}") = "RedAlertMenuAndGameRedux", "Assembly-CSharp.csproj", "{98E94FED-EE3B-9533-9B6A-95969CEB89DB}"
EndProject
Project("{80BCB60B-7FF6-D25F-A7A5-4B6DE8D6DB34}") = "RedAlertMenuAndGameRedux", "Assembly-CSharp-Editor.csproj", "{1A482FDB-133B-0492-8C33-0BB840AF5EA1}"
EndProject
Global
	GlobalSection(SolutionConfigurationPlatforms) = preSolution
		Debug|Any CPU = Debug|Any CPU
		Release|Any CPU = Release|Any CPU
	EndGlobalSection
	GlobalSection(ProjectConfigurationPlatforms) = postSolution
		{98E94FED-EE3B-9533-9B6A-95969CEB89DB}.Debug|Any CPU.ActiveCfg = Debug|Any CPU
		{98E94FED-EE3B-9533-9B6A-95969CEB89DB}.Debug|Any CPU.Build.0 = Debug|Any CPU
		{98E94FED-EE3B-9533-9B6A-95969CEB89DB}.Release|Any CPU.ActiveCfg = Release|Any CPU
		{98E94FED-EE3B-9533-9B6A-95969CEB89DB}.Release|Any CPU.Build.0 = Release|Any CPU
		{1A482FDB-133B-0492-8C33-0BB840AF5EA1}.Debug|Any CPU.ActiveCfg = Debug|Any CPU
		{1A482FDB-133B-0492-8C33-0BB840AF5EA1}.Debug|Any CPU.Build.0 = Debug|Any CPU
		{1A482FDB-133B-0492-8C33-0BB840AF5EA1}.Release|Any CPU.ActiveCfg = Release|Any CPU
		{1A482FDB-133B-0492-8C33-0BB840AF5EA1}.Release|Any CPU.Build.0 = Release|Any CPU
	EndGlobalSection
	GlobalSection(SolutionProperties) = preSolution
		HideSolutionNode = FALSE
	EndGlobalSection
		GlobalSection(MonoDevelopProperties) = preSolution
		StartupItem = Assembly-CSharp.csproj
		Policies = $0
		$0.TextStylePolicy = $1
		$1.inheritsSet = null
		$1.scope = text/x-csharp
		$0.CSharpFormattingPolicy = $2
		$2.inheritsSet = Mono
		$2.inheritsScope = text/x-csharp
		$2.scope = text/x-csharp
		$0.TextStylePolicy = $3
		$3.FileWidth = 120
		$3.TabWidth = 4
		$3.EolMarker = Unix
		$3.inheritsSet = Mono
		$3.inheritsScope = text/plain
		$3.scope = text/plain
	EndGlobalSection

EndGlobal
